// !$*UTF8*$!
{
	archiveVersion = 1;
	classes = {
	};
	objectVersion = 46;
	objects = {

/* Begin PBXBuildFile section */
		A905E0921C03C512007D6D6D /* main.m in Sources */ = {isa = PBXBuildFile; fileRef = A905E0911C03C512007D6D6D /* main.m */; };
		A905E0951C03C512007D6D6D /* AppDelegate.m in Sources */ = {isa = PBXBuildFile; fileRef = A905E0941C03C512007D6D6D /* AppDelegate.m */; };
		A905E0981C03C512007D6D6D /* ViewController.m in Sources */ = {isa = PBXBuildFile; fileRef = A905E0971C03C512007D6D6D /* ViewController.m */; };
		A905E09B1C03C512007D6D6D /* Main.storyboard in Resources */ = {isa = PBXBuildFile; fileRef = A905E0991C03C512007D6D6D /* Main.storyboard */; };
		A905E09D1C03C512007D6D6D /* Assets.xcassets in Resources */ = {isa = PBXBuildFile; fileRef = A905E09C1C03C512007D6D6D /* Assets.xcassets */; };
		A905E0A01C03C512007D6D6D /* LaunchScreen.storyboard in Resources */ = {isa = PBXBuildFile; fileRef = A905E09E1C03C512007D6D6D /* LaunchScreen.storyboard */; };
		A905E0AB1C03C513007D6D6D /* CamRulerTests.m in Sources */ = {isa = PBXBuildFile; fileRef = A905E0AA1C03C513007D6D6D /* CamRulerTests.m */; };
		A905E0B61C03C513007D6D6D /* CamRulerUITests.m in Sources */ = {isa = PBXBuildFile; fileRef = A905E0B51C03C513007D6D6D /* CamRulerUITests.m */; };
		A905E0C51C03C66F007D6D6D /* CamHeader.mm in Sources */ = {isa = PBXBuildFile; fileRef = A905E0C41C03C66F007D6D6D /* CamHeader.mm */; };
		A905E0C71C03C69B007D6D6D /* ImageUtility.mm in Sources */ = {isa = PBXBuildFile; fileRef = A905E0C61C03C69B007D6D6D /* ImageUtility.mm */; };
		A905E0CB1C03C7B6007D6D6D /* CoinDetect.mm in Sources */ = {isa = PBXBuildFile; fileRef = A905E0CA1C03C7B6007D6D6D /* CoinDetect.mm */; };
		A905E0CD1C03C922007D6D6D /* AAPLPreviewView.m in Sources */ = {isa = PBXBuildFile; fileRef = A905E0CC1C03C922007D6D6D /* AAPLPreviewView.m */; };
		A905E0D31C03CEF8007D6D6D /* AVFoundation.framework in Frameworks */ = {isa = PBXBuildFile; fileRef = A905E0D21C03CEF8007D6D6D /* AVFoundation.framework */; };
		A905E0D51C03CF11007D6D6D /* UIKit.framework in Frameworks */ = {isa = PBXBuildFile; fileRef = A905E0D41C03CF11007D6D6D /* UIKit.framework */; };
		A905E0D71C03CF18007D6D6D /* CoreGraphics.framework in Frameworks */ = {isa = PBXBuildFile; fileRef = A905E0D61C03CF18007D6D6D /* CoreGraphics.framework */; };
		A905E0D91C03CF25007D6D6D /* CoreMedia.framework in Frameworks */ = {isa = PBXBuildFile; fileRef = A905E0D81C03CF25007D6D6D /* CoreMedia.framework */; };
		A905E0DB1C03CF2A007D6D6D /* AVKit.framework in Frameworks */ = {isa = PBXBuildFile; fileRef = A905E0DA1C03CF2A007D6D6D /* AVKit.framework */; };
		A905E0DD1C03CF38007D6D6D /* opencv2.framework in Frameworks */ = {isa = PBXBuildFile; fileRef = A905E0DC1C03CF38007D6D6D /* opencv2.framework */; };
		A905E0DF1C04FC0E007D6D6D /* images.xcassets in Resources */ = {isa = PBXBuildFile; fileRef = A905E0DE1C04FC0E007D6D6D /* images.xcassets */; };
		A977D8531C20F9C5001DA108 /* CoreMotion.framework in Frameworks */ = {isa = PBXBuildFile; fileRef = A977D8521C20F9C5001DA108 /* CoreMotion.framework */; };
/* End PBXBuildFile section */

/* Begin PBXContainerItemProxy section */
		A905E0A71C03C513007D6D6D /* PBXContainerItemProxy */ = {
			isa = PBXContainerItemProxy;
			containerPortal = A905E0851C03C512007D6D6D /* Project object */;
			proxyType = 1;
			remoteGlobalIDString = A905E08C1C03C512007D6D6D;
			remoteInfo = CamRuler;
		};
		A905E0B21C03C513007D6D6D /* PBXContainerItemProxy */ = {
			isa = PBXContainerItemProxy;
			containerPortal = A905E0851C03C512007D6D6D /* Project object */;
			proxyType = 1;
			remoteGlobalIDString = A905E08C1C03C512007D6D6D;
			remoteInfo = CamRuler;
		};
/* End PBXContainerItemProxy section */

/* Begin PBXFileReference section */
		A905E08D1C03C512007D6D6D /* CamRuler.app */ = {isa = PBXFileReference; explicitFileType = wrapper.application; includeInIndex = 0; path = CamRuler.app; sourceTree = BUILT_PRODUCTS_DIR; };
		A905E0911C03C512007D6D6D /* main.m */ = {isa = PBXFileReference; lastKnownFileType = sourcecode.c.objc; path = main.m; sourceTree = "<group>"; };
		A905E0931C03C512007D6D6D /* AppDelegate.h */ = {isa = PBXFileReference; lastKnownFileType = sourcecode.c.h; path = AppDelegate.h; sourceTree = "<group>"; };
		A905E0941C03C512007D6D6D /* AppDelegate.m */ = {isa = PBXFileReference; lastKnownFileType = sourcecode.c.objc; path = AppDelegate.m; sourceTree = "<group>"; };
		A905E0961C03C512007D6D6D /* ViewController.h */ = {isa = PBXFileReference; lastKnownFileType = sourcecode.c.h; path = ViewController.h; sourceTree = "<group>"; };
		A905E0971C03C512007D6D6D /* ViewController.m */ = {isa = PBXFileReference; lastKnownFileType = sourcecode.c.objc; path = ViewController.m; sourceTree = "<group>"; };
		A905E09A1C03C512007D6D6D /* Base */ = {isa = PBXFileReference; lastKnownFileType = file.storyboard; name = Base; path = Base.lproj/Main.storyboard; sourceTree = "<group>"; };
		A905E09C1C03C512007D6D6D /* Assets.xcassets */ = {isa = PBXFileReference; lastKnownFileType = folder.assetcatalog; path = Assets.xcassets; sourceTree = "<group>"; };
		A905E09F1C03C512007D6D6D /* Base */ = {isa = PBXFileReference; lastKnownFileType = file.storyboard; name = Base; path = Base.lproj/LaunchScreen.storyboard; sourceTree = "<group>"; };
		A905E0A11C03C512007D6D6D /* Info.plist */ = {isa = PBXFileReference; lastKnownFileType = text.plist.xml; path = Info.plist; sourceTree = "<group>"; };
		A905E0A61C03C513007D6D6D /* CamRulerTests.xctest */ = {isa = PBXFileReference; explicitFileType = wrapper.cfbundle; includeInIndex = 0; path = CamRulerTests.xctest; sourceTree = BUILT_PRODUCTS_DIR; };
		A905E0AA1C03C513007D6D6D /* CamRulerTests.m */ = {isa = PBXFileReference; lastKnownFileType = sourcecode.c.objc; path = CamRulerTests.m; sourceTree = "<group>"; };
		A905E0AC1C03C513007D6D6D /* Info.plist */ = {isa = PBXFileReference; lastKnownFileType = text.plist.xml; path = Info.plist; sourceTree = "<group>"; };
		A905E0B11C03C513007D6D6D /* CamRulerUITests.xctest */ = {isa = PBXFileReference; explicitFileType = wrapper.cfbundle; includeInIndex = 0; path = CamRulerUITests.xctest; sourceTree = BUILT_PRODUCTS_DIR; };
		A905E0B51C03C513007D6D6D /* CamRulerUITests.m */ = {isa = PBXFileReference; lastKnownFileType = sourcecode.c.objc; path = CamRulerUITests.m; sourceTree = "<group>"; };
		A905E0B71C03C513007D6D6D /* Info.plist */ = {isa = PBXFileReference; lastKnownFileType = text.plist.xml; path = Info.plist; sourceTree = "<group>"; };
		A905E0C31C03C655007D6D6D /* CamHeader.h */ = {isa = PBXFileReference; lastKnownFileType = sourcecode.c.h; name = CamHeader.h; path = ../CamHeader.h; sourceTree = "<group>"; };
		A905E0C41C03C66F007D6D6D /* CamHeader.mm */ = {isa = PBXFileReference; fileEncoding = 4; lastKnownFileType = sourcecode.cpp.objcpp; name = CamHeader.mm; path = ../CamHeader.mm; sourceTree = "<group>"; };
		A905E0C61C03C69B007D6D6D /* ImageUtility.mm */ = {isa = PBXFileReference; fileEncoding = 4; lastKnownFileType = sourcecode.cpp.objcpp; path = ImageUtility.mm; sourceTree = "<group>"; };
		A905E0C81C03C6B6007D6D6D /* ImageUtility.h */ = {isa = PBXFileReference; lastKnownFileType = sourcecode.c.h; path = ImageUtility.h; sourceTree = "<group>"; };
		A905E0C91C03C758007D6D6D /* CoinDetect.h */ = {isa = PBXFileReference; lastKnownFileType = sourcecode.c.h; path = CoinDetect.h; sourceTree = "<group>"; };
		A905E0CA1C03C7B6007D6D6D /* CoinDetect.mm */ = {isa = PBXFileReference; fileEncoding = 4; lastKnownFileType = sourcecode.cpp.objcpp; path = CoinDetect.mm; sourceTree = "<group>"; };
		A905E0CC1C03C922007D6D6D /* AAPLPreviewView.m */ = {isa = PBXFileReference; fileEncoding = 4; lastKnownFileType = sourcecode.c.objc; path = AAPLPreviewView.m; sourceTree = "<group>"; };
		A905E0CF1C03CA7B007D6D6D /* AAPLPreviewView.h */ = {isa = PBXFileReference; lastKnownFileType = sourcecode.c.h; path = AAPLPreviewView.h; sourceTree = "<group>"; };
		A905E0D21C03CEF8007D6D6D /* AVFoundation.framework */ = {isa = PBXFileReference; lastKnownFileType = wrapper.framework; name = AVFoundation.framework; path = System/Library/Frameworks/AVFoundation.framework; sourceTree = SDKROOT; };
		A905E0D41C03CF11007D6D6D /* UIKit.framework */ = {isa = PBXFileReference; lastKnownFileType = wrapper.framework; name = UIKit.framework; path = System/Library/Frameworks/UIKit.framework; sourceTree = SDKROOT; };
		A905E0D61C03CF18007D6D6D /* CoreGraphics.framework */ = {isa = PBXFileReference; lastKnownFileType = wrapper.framework; name = CoreGraphics.framework; path = System/Library/Frameworks/CoreGraphics.framework; sourceTree = SDKROOT; };
		A905E0D81C03CF25007D6D6D /* CoreMedia.framework */ = {isa = PBXFileReference; lastKnownFileType = wrapper.framework; name = CoreMedia.framework; path = System/Library/Frameworks/CoreMedia.framework; sourceTree = SDKROOT; };
		A905E0DA1C03CF2A007D6D6D /* AVKit.framework */ = {isa = PBXFileReference; lastKnownFileType = wrapper.framework; name = AVKit.framework; path = System/Library/Frameworks/AVKit.framework; sourceTree = SDKROOT; };
		A905E0DC1C03CF38007D6D6D /* opencv2.framework */ = {isa = PBXFileReference; lastKnownFileType = wrapper.framework; path = opencv2.framework; sourceTree = "<group>"; };
		A905E0DE1C04FC0E007D6D6D /* images.xcassets */ = {isa = PBXFileReference; lastKnownFileType = folder.assetcatalog; path = images.xcassets; sourceTree = "<group>"; };
		A9412E131C45BEA3003DC90D /* TIMESS__.ttf */ = {isa = PBXFileReference; lastKnownFileType = file; name = TIMESS__.ttf; path = Assets.xcassets/TIMESS__.ttf; sourceTree = "<group>"; };
		A977D8521C20F9C5001DA108 /* CoreMotion.framework */ = {isa = PBXFileReference; lastKnownFileType = wrapper.framework; name = CoreMotion.framework; path = System/Library/Frameworks/CoreMotion.framework; sourceTree = SDKROOT; };
/* End PBXFileReference section */

/* Begin PBXFrameworksBuildPhase section */
		A905E08A1C03C512007D6D6D /* Frameworks */ = {
			isa = PBXFrameworksBuildPhase;
			buildActionMask = 2147483647;
			files = (
				A977D8531C20F9C5001DA108 /* CoreMotion.framework in Frameworks */,
				A905E0DB1C03CF2A007D6D6D /* AVKit.framework in Frameworks */,
				A905E0D91C03CF25007D6D6D /* CoreMedia.framework in Frameworks */,
				A905E0D71C03CF18007D6D6D /* CoreGraphics.framework in Frameworks */,
				A905E0D51C03CF11007D6D6D /* UIKit.framework in Frameworks */,
				A905E0DD1C03CF38007D6D6D /* opencv2.framework in Frameworks */,
				A905E0D31C03CEF8007D6D6D /* AVFoundation.framework in Frameworks */,
			);
			runOnlyForDeploymentPostprocessing = 0;
		};
		A905E0A31C03C513007D6D6D /* Frameworks */ = {
			isa = PBXFrameworksBuildPhase;
			buildActionMask = 2147483647;
			files = (
			);
			runOnlyForDeploymentPostprocessing = 0;
		};
		A905E0AE1C03C513007D6D6D /* Frameworks */ = {
			isa = PBXFrameworksBuildPhase;
			buildActionMask = 2147483647;
			files = (
			);
			runOnlyForDeploymentPostprocessing = 0;
		};
/* End PBXFrameworksBuildPhase section */

/* Begin PBXGroup section */
		A905E0841C03C511007D6D6D = {
			isa = PBXGroup;
			children = (
				A977D8521C20F9C5001DA108 /* CoreMotion.framework */,
				A905E0DC1C03CF38007D6D6D /* opencv2.framework */,
				A905E0DA1C03CF2A007D6D6D /* AVKit.framework */,
				A905E0D81C03CF25007D6D6D /* CoreMedia.framework */,
				A905E0D61C03CF18007D6D6D /* CoreGraphics.framework */,
				A905E0D41C03CF11007D6D6D /* UIKit.framework */,
				A905E0D21C03CEF8007D6D6D /* AVFoundation.framework */,
				A905E08F1C03C512007D6D6D /* instaMeasure */,
				A905E0A91C03C513007D6D6D /* CamRulerTests */,
				A905E0B41C03C513007D6D6D /* CamRulerUITests */,
				A905E08E1C03C512007D6D6D /* Products */,
			);
			sourceTree = "<group>";
		};
		A905E08E1C03C512007D6D6D /* Products */ = {
			isa = PBXGroup;
			children = (
				A905E08D1C03C512007D6D6D /* CamRuler.app */,
				A905E0A61C03C513007D6D6D /* CamRulerTests.xctest */,
				A905E0B11C03C513007D6D6D /* CamRulerUITests.xctest */,
			);
			name = Products;
			sourceTree = "<group>";
		};
		A905E08F1C03C512007D6D6D /* instaMeasure */ = {
			isa = PBXGroup;
			children = (
				A905E0C91C03C758007D6D6D /* CoinDetect.h */,
				A905E0CA1C03C7B6007D6D6D /* CoinDetect.mm */,
				A905E0C31C03C655007D6D6D /* CamHeader.h */,
				A905E0CF1C03CA7B007D6D6D /* AAPLPreviewView.h */,
				A905E0C81C03C6B6007D6D6D /* ImageUtility.h */,
				A905E0C61C03C69B007D6D6D /* ImageUtility.mm */,
				A905E0931C03C512007D6D6D /* AppDelegate.h */,
				A905E0941C03C512007D6D6D /* AppDelegate.m */,
				A905E0961C03C512007D6D6D /* ViewController.h */,
				A905E0971C03C512007D6D6D /* ViewController.m */,
				A905E0CC1C03C922007D6D6D /* AAPLPreviewView.m */,
				A905E0C41C03C66F007D6D6D /* CamHeader.mm */,
				A905E0DE1C04FC0E007D6D6D /* images.xcassets */,
				A905E0991C03C512007D6D6D /* Main.storyboard */,
				A905E09C1C03C512007D6D6D /* Assets.xcassets */,
				A905E09E1C03C512007D6D6D /* LaunchScreen.storyboard */,
				A905E0A11C03C512007D6D6D /* Info.plist */,
				A905E0901C03C512007D6D6D /* Supporting Files */,
			);
			path = instaMeasure;
			sourceTree = "<group>";
		};
		A905E0901C03C512007D6D6D /* Supporting Files */ = {
			isa = PBXGroup;
			children = (
				A9412E131C45BEA3003DC90D /* TIMESS__.ttf */,
				A905E0911C03C512007D6D6D /* main.m */,
			);
			name = "Supporting Files";
			sourceTree = "<group>";
		};
		A905E0A91C03C513007D6D6D /* CamRulerTests */ = {
			isa = PBXGroup;
			children = (
				A905E0AA1C03C513007D6D6D /* CamRulerTests.m */,
				A905E0AC1C03C513007D6D6D /* Info.plist */,
			);
			path = CamRulerTests;
			sourceTree = "<group>";
		};
		A905E0B41C03C513007D6D6D /* CamRulerUITests */ = {
			isa = PBXGroup;
			children = (
				A905E0B51C03C513007D6D6D /* CamRulerUITests.m */,
				A905E0B71C03C513007D6D6D /* Info.plist */,
			);
			path = CamRulerUITests;
			sourceTree = "<group>";
		};
/* End PBXGroup section */

/* Begin PBXNativeTarget section */
		A905E08C1C03C512007D6D6D /* CamRuler */ = {
			isa = PBXNativeTarget;
			buildConfigurationList = A905E0BA1C03C513007D6D6D /* Build configuration list for PBXNativeTarget "CamRuler" */;
			buildPhases = (
				A905E0891C03C512007D6D6D /* Sources */,
				A905E08A1C03C512007D6D6D /* Frameworks */,
				A905E08B1C03C512007D6D6D /* Resources */,
			);
			buildRules = (
			);
			dependencies = (
			);
			name = CamRuler;
			productName = CamRuler;
			productReference = A905E08D1C03C512007D6D6D /* CamRuler.app */;
			productType = "com.apple.product-type.application";
		};
		A905E0A51C03C513007D6D6D /* CamRulerTests */ = {
			isa = PBXNativeTarget;
			buildConfigurationList = A905E0BD1C03C513007D6D6D /* Build configuration list for PBXNativeTarget "CamRulerTests" */;
			buildPhases = (
				A905E0A21C03C513007D6D6D /* Sources */,
				A905E0A31C03C513007D6D6D /* Frameworks */,
				A905E0A41C03C513007D6D6D /* Resources */,
			);
			buildRules = (
			);
			dependencies = (
				A905E0A81C03C513007D6D6D /* PBXTargetDependency */,
			);
			name = CamRulerTests;
			productName = CamRulerTests;
			productReference = A905E0A61C03C513007D6D6D /* CamRulerTests.xctest */;
			productType = "com.apple.product-type.bundle.unit-test";
		};
		A905E0B01C03C513007D6D6D /* CamRulerUITests */ = {
			isa = PBXNativeTarget;
			buildConfigurationList = A905E0C01C03C513007D6D6D /* Build configuration list for PBXNativeTarget "CamRulerUITests" */;
			buildPhases = (
				A905E0AD1C03C513007D6D6D /* Sources */,
				A905E0AE1C03C513007D6D6D /* Frameworks */,
				A905E0AF1C03C513007D6D6D /* Resources */,
			);
			buildRules = (
			);
			dependencies = (
				A905E0B31C03C513007D6D6D /* PBXTargetDependency */,
			);
			name = CamRulerUITests;
			productName = CamRulerUITests;
			productReference = A905E0B11C03C513007D6D6D /* CamRulerUITests.xctest */;
			productType = "com.apple.product-type.bundle.ui-testing";
		};
/* End PBXNativeTarget section */

/* Begin PBXProject section */
		A905E0851C03C512007D6D6D /* Project object */ = {
			isa = PBXProject;
			attributes = {
				LastUpgradeCheck = 0710;
				ORGANIZATIONNAME = "Sean Donato";
				TargetAttributes = {
					A905E08C1C03C512007D6D6D = {
						CreatedOnToolsVersion = 7.1.1;
						DevelopmentTeam = 25PH49W475;
					};
					A905E0A51C03C513007D6D6D = {
						CreatedOnToolsVersion = 7.1.1;
						TestTargetID = A905E08C1C03C512007D6D6D;
					};
					A905E0B01C03C513007D6D6D = {
						CreatedOnToolsVersion = 7.1.1;
						TestTargetID = A905E08C1C03C512007D6D6D;
					};
				};
			};
			buildConfigurationList = A905E0881C03C512007D6D6D /* Build configuration list for PBXProject "instaMeasure" */;
			compatibilityVersion = "Xcode 3.2";
			developmentRegion = English;
			hasScannedForEncodings = 0;
			knownRegions = (
				en,
				Base,
			);
			mainGroup = A905E0841C03C511007D6D6D;
			productRefGroup = A905E08E1C03C512007D6D6D /* Products */;
			projectDirPath = "";
			projectRoot = "";
			targets = (
				A905E08C1C03C512007D6D6D /* CamRuler */,
				A905E0A51C03C513007D6D6D /* CamRulerTests */,
				A905E0B01C03C513007D6D6D /* CamRulerUITests */,
			);
		};
/* End PBXProject section */

/* Begin PBXResourcesBuildPhase section */
		A905E08B1C03C512007D6D6D /* Resources */ = {
			isa = PBXResourcesBuildPhase;
			buildActionMask = 2147483647;
			files = (
				A905E0A01C03C512007D6D6D /* LaunchScreen.storyboard in Resources */,
				A905E0DF1C04FC0E007D6D6D /* images.xcassets in Resources */,
				A905E09D1C03C512007D6D6D /* Assets.xcassets in Resources */,
				A905E09B1C03C512007D6D6D /* Main.storyboard in Resources */,
			);
			runOnlyForDeploymentPostprocessing = 0;
		};
		A905E0A41C03C513007D6D6D /* Resources */ = {
			isa = PBXResourcesBuildPhase;
			buildActionMask = 2147483647;
			files = (
			);
			runOnlyForDeploymentPostprocessing = 0;
		};
		A905E0AF1C03C513007D6D6D /* Resources */ = {
			isa = PBXResourcesBuildPhase;
			buildActionMask = 2147483647;
			files = (
			);
			runOnlyForDeploymentPostprocessing = 0;
		};
/* End PBXResourcesBuildPhase section */

/* Begin PBXSourcesBuildPhase section */
		A905E0891C03C512007D6D6D /* Sources */ = {
			isa = PBXSourcesBuildPhase;
			buildActionMask = 2147483647;
			files = (
				A905E0C71C03C69B007D6D6D /* ImageUtility.mm in Sources */,
				A905E0C51C03C66F007D6D6D /* CamHeader.mm in Sources */,
				A905E0981C03C512007D6D6D /* ViewController.m in Sources */,
				A905E0CB1C03C7B6007D6D6D /* CoinDetect.mm in Sources */,
				A905E0CD1C03C922007D6D6D /* AAPLPreviewView.m in Sources */,
				A905E0951C03C512007D6D6D /* AppDelegate.m in Sources */,
				A905E0921C03C512007D6D6D /* main.m in Sources */,
			);
			runOnlyForDeploymentPostprocessing = 0;
		};
		A905E0A21C03C513007D6D6D /* Sources */ = {
			isa = PBXSourcesBuildPhase;
			buildActionMask = 2147483647;
			files = (
				A905E0AB1C03C513007D6D6D /* CamRulerTests.m in Sources */,
			);
			runOnlyForDeploymentPostprocessing = 0;
		};
		A905E0AD1C03C513007D6D6D /* Sources */ = {
			isa = PBXSourcesBuildPhase;
			buildActionMask = 2147483647;
			files = (
				A905E0B61C03C513007D6D6D /* CamRulerUITests.m in Sources */,
			);
			runOnlyForDeploymentPostprocessing = 0;
		};
/* End PBXSourcesBuildPhase section */

/* Begin PBXTargetDependency section */
		A905E0A81C03C513007D6D6D /* PBXTargetDependency */ = {
			isa = PBXTargetDependency;
			target = A905E08C1C03C512007D6D6D /* CamRuler */;
			targetProxy = A905E0A71C03C513007D6D6D /* PBXContainerItemProxy */;
		};
		A905E0B31C03C513007D6D6D /* PBXTargetDependency */ = {
			isa = PBXTargetDependency;
			target = A905E08C1C03C512007D6D6D /* CamRuler */;
			targetProxy = A905E0B21C03C513007D6D6D /* PBXContainerItemProxy */;
		};
/* End PBXTargetDependency section */

/* Begin PBXVariantGroup section */
		A905E0991C03C512007D6D6D /* Main.storyboard */ = {
			isa = PBXVariantGroup;
			children = (
				A905E09A1C03C512007D6D6D /* Base */,
			);
			name = Main.storyboard;
			sourceTree = "<group>";
		};
		A905E09E1C03C512007D6D6D /* LaunchScreen.storyboard */ = {
			isa = PBXVariantGroup;
			children = (
				A905E09F1C03C512007D6D6D /* Base */,
			);
			name = LaunchScreen.storyboard;
			sourceTree = "<group>";
		};
/* End PBXVariantGroup section */

/* Begin XCBuildConfiguration section */
		A905E0B81C03C513007D6D6D /* Debug */ = {
			isa = XCBuildConfiguration;
			buildSettings = {
				ALWAYS_SEARCH_USER_PATHS = NO;
				CLANG_CXX_LANGUAGE_STANDARD = "gnu++0x";
				CLANG_CXX_LIBRARY = "libc++";
				CLANG_ENABLE_MODULES = YES;
				CLANG_ENABLE_OBJC_ARC = YES;
				CLANG_WARN_BOOL_CONVERSION = YES;
				CLANG_WARN_CONSTANT_CONVERSION = YES;
				CLANG_WARN_DIRECT_OBJC_ISA_USAGE = YES_ERROR;
				CLANG_WARN_EMPTY_BODY = YES;
				CLANG_WARN_ENUM_CONVERSION = YES;
				CLANG_WARN_INT_CONVERSION = YES;
				CLANG_WARN_OBJC_ROOT_CLASS = YES_ERROR;
				CLANG_WARN_UNREACHABLE_CODE = YES;
				CLANG_WARN__DUPLICATE_METHOD_MATCH = YES;
				"CODE_SIGN_IDENTITY[sdk=iphoneos*]" = "iPhone Developer";
				COPY_PHASE_STRIP = NO;
				DEBUG_INFORMATION_FORMAT = dwarf;
				ENABLE_STRICT_OBJC_MSGSEND = YES;
				ENABLE_TESTABILITY = YES;
				GCC_C_LANGUAGE_STANDARD = gnu99;
				GCC_DYNAMIC_NO_PIC = NO;
				GCC_NO_COMMON_BLOCKS = YES;
				GCC_OPTIMIZATION_LEVEL = 0;
				GCC_PREPROCESSOR_DEFINITIONS = (
					"DEBUG=1",
					"$(inherited)",
				);
				GCC_WARN_64_TO_32_BIT_CONVERSION = YES;
				GCC_WARN_ABOUT_RETURN_TYPE = YES_ERROR;
				GCC_WARN_UNDECLARED_SELECTOR = YES;
				GCC_WARN_UNINITIALIZED_AUTOS = YES_AGGRESSIVE;
				GCC_WARN_UNUSED_FUNCTION = YES;
				GCC_WARN_UNUSED_VARIABLE = YES;
				IPHONEOS_DEPLOYMENT_TARGET = 9.1;
				MTL_ENABLE_DEBUG_INFO = YES;
				ONLY_ACTIVE_ARCH = YES;
				SDKROOT = iphoneos;
				TARGETED_DEVICE_FAMILY = "1,2";
			};
			name = Debug;
		};
		A905E0B91C03C513007D6D6D /* Release */ = {
			isa = XCBuildConfiguration;
			buildSettings = {
				ALWAYS_SEARCH_USER_PATHS = NO;
				CLANG_CXX_LANGUAGE_STANDARD = "gnu++0x";
				CLANG_CXX_LIBRARY = "libc++";
				CLANG_ENABLE_MODULES = YES;
				CLANG_ENABLE_OBJC_ARC = YES;
				CLANG_WARN_BOOL_CONVERSION = YES;
				CLANG_WARN_CONSTANT_CONVERSION = YES;
				CLANG_WARN_DIRECT_OBJC_ISA_USAGE = YES_ERROR;
				CLANG_WARN_EMPTY_BODY = YES;
				CLANG_WARN_ENUM_CONVERSION = YES;
				CLANG_WARN_INT_CONVERSION = YES;
				CLANG_WARN_OBJC_ROOT_CLASS = YES_ERROR;
				CLANG_WARN_UNREACHABLE_CODE = YES;
				CLANG_WARN__DUPLICATE_METHOD_MATCH = YES;
				"CODE_SIGN_IDENTITY[sdk=iphoneos*]" = "iPhone Developer";
				COPY_PHASE_STRIP = NO;
				DEBUG_INFORMATION_FORMAT = "dwarf-with-dsym";
				ENABLE_NS_ASSERTIONS = NO;
				ENABLE_STRICT_OBJC_MSGSEND = YES;
				GCC_C_LANGUAGE_STANDARD = gnu99;
				GCC_NO_COMMON_BLOCKS = YES;
				GCC_WARN_64_TO_32_BIT_CONVERSION = YES;
				GCC_WARN_ABOUT_RETURN_TYPE = YES_ERROR;
				GCC_WARN_UNDECLARED_SELECTOR = YES;
				GCC_WARN_UNINITIALIZED_AUTOS = YES_AGGRESSIVE;
				GCC_WARN_UNUSED_FUNCTION = YES;
				GCC_WARN_UNUSED_VARIABLE = YES;
				IPHONEOS_DEPLOYMENT_TARGET = 9.1;
				MTL_ENABLE_DEBUG_INFO = NO;
				SDKROOT = iphoneos;
				TARGETED_DEVICE_FAMILY = "1,2";
				VALIDATE_PRODUCT = YES;
			};
			name = Release;
		};
		A905E0BB1C03C513007D6D6D /* Debug */ = {
			isa = XCBuildConfiguration;
			buildSettings = {
				ASSETCATALOG_COMPILER_APPICON_NAME = AppIcon2;
				CODE_SIGN_IDENTITY = "iPhone Developer";
				"CODE_SIGN_IDENTITY[sdk=iphoneos*]" = "iPhone Developer";
				ENABLE_BITCODE = NO;
				FRAMEWORK_SEARCH_PATHS = (
					"$(inherited)",
					"$(PROJECT_DIR)",
				);
				INFOPLIST_FILE = instaMeasure/Info.plist;
				IPHONEOS_DEPLOYMENT_TARGET = 9.2;
				LD_RUNPATH_SEARCH_PATHS = "$(inherited) @executable_path/Frameworks";
				PRODUCT_BUNDLE_IDENTIFIER = SD.instaMeasure;
				PRODUCT_NAME = CamRuler;
				PROVISIONING_PROFILE = "";
				TARGETED_DEVICE_FAMILY = 1;
			};
			name = Debug;
		};
		A905E0BC1C03C513007D6D6D /* Release */ = {
			isa = XCBuildConfiguration;
			buildSettings = {
				ASSETCATALOG_COMPILER_APPICON_NAME = AppIcon2;
				CODE_SIGN_IDENTITY = "iPhone Developer";
				"CODE_SIGN_IDENTITY[sdk=iphoneos*]" = "iPhone Developer";
				ENABLE_BITCODE = NO;
				FRAMEWORK_SEARCH_PATHS = (
					"$(inherited)",
					"$(PROJECT_DIR)",
				);
				INFOPLIST_FILE = instaMeasure/Info.plist;
				IPHONEOS_DEPLOYMENT_TARGET = 9.2;
				LD_RUNPATH_SEARCH_PATHS = "$(inherited) @executable_path/Frameworks";
				PRODUCT_BUNDLE_IDENTIFIER = SD.instaMeasure;
				PRODUCT_NAME = CamRuler;
				PROVISIONING_PROFILE = "";
				TARGETED_DEVICE_FAMILY = 1;
			};
			name = Release;
		};
		A905E0BE1C03C513007D6D6D /* Debug */ = {
			isa = XCBuildConfiguration;
			buildSettings = {
				BUNDLE_LOADER = "$(TEST_HOST)";
				INFOPLIST_FILE = CamRulerTests/Info.plist;
				LD_RUNPATH_SEARCH_PATHS = "$(inherited) @executable_path/Frameworks @loader_path/Frameworks";
				PRODUCT_BUNDLE_IDENTIFIER = SD.CamRulerTests;
				PRODUCT_NAME = "$(TARGET_NAME)";
				TEST_HOST = "$(BUILT_PRODUCTS_DIR)/CamRuler.app/CamRuler";
			};
			name = Debug;
		};
		A905E0BF1C03C513007D6D6D /* Release */ = {
			isa = XCBuildConfiguration;
			buildSettings = {
				BUNDLE_LOADER = "$(TEST_HOST)";
				INFOPLIST_FILE = CamRulerTests/Info.plist;
				LD_RUNPATH_SEARCH_PATHS = "$(inherited) @executable_path/Frameworks @loader_path/Frameworks";
				PRODUCT_BUNDLE_IDENTIFIER = SD.CamRulerTests;
				PRODUCT_NAME = "$(TARGET_NAME)";
				TEST_HOST = "$(BUILT_PRODUCTS_DIR)/CamRuler.app/CamRuler";
			};
			name = Release;
		};
		A905E0C11C03C513007D6D6D /* Debug */ = {
			isa = XCBuildConfiguration;
			buildSettings = {
				INFOPLIST_FILE = CamRulerUITests/Info.plist;
				LD_RUNPATH_SEARCH_PATHS = "$(inherited) @executable_path/Frameworks @loader_path/Frameworks";
				PRODUCT_BUNDLE_IDENTIFIER = SD.CamRulerUITests;
				PRODUCT_NAME = "$(TARGET_NAME)";
				TEST_TARGET_NAME = CamRuler;
				USES_XCTRUNNER = YES;
			};
			name = Debug;
		};
		A905E0C21C03C513007D6D6D /* Release */ = {
			isa = XCBuildConfiguration;
			buildSettings = {
				INFOPLIST_FILE = CamRulerUITests/Info.plist;
				LD_RUNPATH_SEARCH_PATHS = "$(inherited) @executable_path/Frameworks @loader_path/Frameworks";
				PRODUCT_BUNDLE_IDENTIFIER = SD.CamRulerUITests;
				PRODUCT_NAME = "$(TARGET_NAME)";
				TEST_TARGET_NAME = CamRuler;
				USES_XCTRUNNER = YES;
			};
			name = Release;
		};
/* End XCBuildConfiguration section */

/* Begin XCConfigurationList section */
		A905E0881C03C512007D6D6D /* Build configuration list for PBXProject "instaMeasure" */ = {
			isa = XCConfigurationList;
			buildConfigurations = (
				A905E0B81C03C513007D6D6D /* Debug */,
				A905E0B91C03C513007D6D6D /* Release */,
			);
			defaultConfigurationIsVisible = 0;
			defaultConfigurationName = Release;
		};
		A905E0BA1C03C513007D6D6D /* Build configuration list for PBXNativeTarget "CamRuler" */ = {
			isa = XCConfigurationList;
			buildConfigurations = (
				A905E0BB1C03C513007D6D6D /* Debug */,
				A905E0BC1C03C513007D6D6D /* Release */,
			);
			defaultConfigurationIsVisible = 0;
			defaultConfigurationName = Release;
		};
		A905E0BD1C03C513007D6D6D /* Build configuration list for PBXNativeTarget "CamRulerTests" */ = {
			isa = XCConfigurationList;
			buildConfigurations = (
				A905E0BE1C03C513007D6D6D /* Debug */,
				A905E0BF1C03C513007D6D6D /* Release */,
			);
			defaultConfigurationIsVisible = 0;
			defaultConfigurationName = Release;
		};
		A905E0C01C03C513007D6D6D /* Build configuration list for PBXNativeTarget "CamRulerUITests" */ = {
			isa = XCConfigurationList;
			buildConfigurations = (
				A905E0C11C03C513007D6D6D /* Debug */,
				A905E0C21C03C513007D6D6D /* Release */,
			);
			defaultConfigurationIsVisible = 0;
			defaultConfigurationName = Release;
		};
/* End XCConfigurationList section */
	};
	rootObject = A905E0851C03C512007D6D6D /* Project object */;
}
